
Microsoft Visual Studio Solution File, Format Version 12.00
# Visual Studio Version 16
VisualStudioVersion = 16.0.31515.178
MinimumVisualStudioVersion = 10.0.40219.1
Project("{FAE04EC0-301F-11D3-BF4B-00C04F79EFBC}") = "SoccerDiv", "SoccerDiv\SoccerDiv.csproj", "{6F55BE0E-BA18-4A8C-9240-EF6C3C6DFCD9}"
EndProject
Global
	GlobalSection(SolutionConfigurationPlatforms) = preSolution
		Debug|Any CPU = Debug|Any CPU
		Release|Any CPU = Release|Any CPU
	EndGlobalSection
	GlobalSection(ProjectConfigurationPlatforms) = postSolution
		{6F55BE0E-BA18-4A8C-9240-EF6C3C6DFCD9}.Debug|Any CPU.ActiveCfg = Debug|Any CPU
		{6F55BE0E-BA18-4A8C-9240-EF6C3C6DFCD9}.Debug|Any CPU.Build.0 = Debug|Any CPU
		{6F55BE0E-BA18-4A8C-9240-EF6C3C6DFCD9}.Release|Any CPU.ActiveCfg = Release|Any CPU
		{6F55BE0E-BA18-4A8C-9240-EF6C3C6DFCD9}.Release|Any CPU.Build.0 = Release|Any CPU
	EndGlobalSection
	GlobalSection(SolutionProperties) = preSolution
		HideSolutionNode = FALSE
	EndGlobalSection
	GlobalSection(ExtensibilityGlobals) = postSolution
		SolutionGuid = {484EAB67-ED9D-45CA-8482-A7B66844028C}
	EndGlobalSection
EndGlobal
